{
  "name": "cloudcord",
  "version": "1.0.0",
  "lockfileVersion": 2,
  "requires": true,
  "packages": {
    "": {
      "name": "cloudcord",
      "version": "1.0.0",
      "license": "Apache-2.0",
      "dependencies": {
        "discord-api-types": "^0.37.5"
      }
    },
    "node_modules/discord-api-types": {
      "version": "0.37.5",
      "resolved": "https://registry.npmjs.org/discord-api-types/-/discord-api-types-0.37.5.tgz",
      "integrity": "sha512-RhzoX02jw2M+n/AU5K74KTM4J8Sn3ZImUJvoA4lh+SDcrqi1ddSjrafciF4bECj4rPc2vHwoyyTNgbUwE8vbpA=="
    }
  },
  "dependencies": {
    "discord-api-types": {
      "version": "0.37.5",
      "resolved": "https://registry.npmjs.org/discord-api-types/-/discord-api-types-0.37.5.tgz",
      "integrity": "sha512-RhzoX02jw2M+n/AU5K74KTM4J8Sn3ZImUJvoA4lh+SDcrqi1ddSjrafciF4bECj4rPc2vHwoyyTNgbUwE8vbpA=="
    }
  }
}
